// !$*UTF8*$!
{
	archiveVersion = 1;
	classes = {
	};
	objectVersion = 46;
	objects = {

/* Begin PBXBuildFile section */
		46D244FDBAEA0B68BAA64D23 /* libPods-XNLiveAppDemo.a in Frameworks */ = {isa = PBXBuildFile; fileRef = 27998462563E9ED73AFD0E85 /* libPods-XNLiveAppDemo.a */; };
		791FAF401DFAAAF600A657C7 /* AlivcLiveVideo.framework in Frameworks */ = {isa = PBXBuildFile; fileRef = 791FAF3F1DFAAAF600A657C7 /* AlivcLiveVideo.framework */; };
		79884C5E1DFBA85E0093606D /* AliyunPlayerSDK.framework in Frameworks */ = {isa = PBXBuildFile; fileRef = 79884C5D1DFBA85E0093606D /* AliyunPlayerSDK.framework */; };
		E7F81E311DFA768D00B2D4CF /* main.m in Sources */ = {isa = PBXBuildFile; fileRef = E7F81E301DFA768D00B2D4CF /* main.m */; };
		E7F81E341DFA768D00B2D4CF /* AppDelegate.m in Sources */ = {isa = PBXBuildFile; fileRef = E7F81E331DFA768D00B2D4CF /* AppDelegate.m */; };
		E7F81E371DFA768D00B2D4CF /* ViewController.m in Sources */ = {isa = PBXBuildFile; fileRef = E7F81E361DFA768D00B2D4CF /* ViewController.m */; };
		E7F81E3A1DFA768D00B2D4CF /* Main.storyboard in Resources */ = {isa = PBXBuildFile; fileRef = E7F81E381DFA768D00B2D4CF /* Main.storyboard */; };
		E7F81E3C1DFA768D00B2D4CF /* Assets.xcassets in Resources */ = {isa = PBXBuildFile; fileRef = E7F81E3B1DFA768D00B2D4CF /* Assets.xcassets */; };
		E7F81E3F1DFA768D00B2D4CF /* LaunchScreen.storyboard in Resources */ = {isa = PBXBuildFile; fileRef = E7F81E3D1DFA768D00B2D4CF /* LaunchScreen.storyboard */; };
		E7F81E4A1DFA77E400B2D4CF /* libz.tbd in Frameworks */ = {isa = PBXBuildFile; fileRef = E7F81E491DFA77E400B2D4CF /* libz.tbd */; };
		E7F81E4C1DFA77EC00B2D4CF /* VideoToolbox.framework in Frameworks */ = {isa = PBXBuildFile; fileRef = E7F81E4B1DFA77EC00B2D4CF /* VideoToolbox.framework */; };
		E7F81E4E1DFA77F400B2D4CF /* AudioToolbox.framework in Frameworks */ = {isa = PBXBuildFile; fileRef = E7F81E4D1DFA77F400B2D4CF /* AudioToolbox.framework */; };
		E7F81E501DFA77FE00B2D4CF /* libstdc++.tbd in Frameworks */ = {isa = PBXBuildFile; fileRef = E7F81E4F1DFA77FE00B2D4CF /* libstdc++.tbd */; };
		E7F81E521DFA780700B2D4CF /* SystemConfiguration.framework in Frameworks */ = {isa = PBXBuildFile; fileRef = E7F81E511DFA780700B2D4CF /* SystemConfiguration.framework */; };
		E7F81E541DFA781200B2D4CF /* CoreTelephony.framework in Frameworks */ = {isa = PBXBuildFile; fileRef = E7F81E531DFA781200B2D4CF /* CoreTelephony.framework */; };
		E7F81E581DFA78A000B2D4CF /* XNLiveViewController.m in Sources */ = {isa = PBXBuildFile; fileRef = E7F81E561DFA78A000B2D4CF /* XNLiveViewController.m */; };
		E7F81E591DFA78A000B2D4CF /* XNLiveViewController.xib in Resources */ = {isa = PBXBuildFile; fileRef = E7F81E571DFA78A000B2D4CF /* XNLiveViewController.xib */; };
/* End PBXBuildFile section */

/* Begin PBXFileReference section */
		27998462563E9ED73AFD0E85 /* libPods-XNLiveAppDemo.a */ = {isa = PBXFileReference; explicitFileType = archive.ar; includeInIndex = 0; path = "libPods-XNLiveAppDemo.a"; sourceTree = BUILT_PRODUCTS_DIR; };
		791FAF3F1DFAAAF600A657C7 /* AlivcLiveVideo.framework */ = {isa = PBXFileReference; lastKnownFileType = wrapper.framework; name = AlivcLiveVideo.framework; path = XNLiveAppDemo/AlivcLiveVideo.framework; sourceTree = "<group>"; };
		79884C5D1DFBA85E0093606D /* AliyunPlayerSDK.framework */ = {isa = PBXFileReference; lastKnownFileType = wrapper.framework; name = AliyunPlayerSDK.framework; path = XNLiveAppDemo/AliyunPlayerSDK.framework; sourceTree = "<group>"; };
		B9AEF954AA67C2D4B5590376 /* Pods-XNLiveAppDemo.debug.xcconfig */ = {isa = PBXFileReference; includeInIndex = 1; lastKnownFileType = text.xcconfig; name = "Pods-XNLiveAppDemo.debug.xcconfig"; path = "Pods/Target Support Files/Pods-XNLiveAppDemo/Pods-XNLiveAppDemo.debug.xcconfig"; sourceTree = "<group>"; };
		E6551B13BB877B62B161249E /* Pods-XNLiveAppDemo.release.xcconfig */ = {isa = PBXFileReference; includeInIndex = 1; lastKnownFileType = text.xcconfig; name = "Pods-XNLiveAppDemo.release.xcconfig"; path = "Pods/Target Support Files/Pods-XNLiveAppDemo/Pods-XNLiveAppDemo.release.xcconfig"; sourceTree = "<group>"; };
		E7F81E2C1DFA768D00B2D4CF /* XNLiveAppDemo.app */ = {isa = PBXFileReference; explicitFileType = wrapper.application; includeInIndex = 0; path = XNLiveAppDemo.app; sourceTree = BUILT_PRODUCTS_DIR; };
		E7F81E301DFA768D00B2D4CF /* main.m */ = {isa = PBXFileReference; lastKnownFileType = sourcecode.c.objc; path = main.m; sourceTree = "<group>"; };
		E7F81E321DFA768D00B2D4CF /* AppDelegate.h */ = {isa = PBXFileReference; lastKnownFileType = sourcecode.c.h; path = AppDelegate.h; sourceTree = "<group>"; };
		E7F81E331DFA768D00B2D4CF /* AppDelegate.m */ = {isa = PBXFileReference; lastKnownFileType = sourcecode.c.objc; path = AppDelegate.m; sourceTree = "<group>"; };
		E7F81E351DFA768D00B2D4CF /* ViewController.h */ = {isa = PBXFileReference; lastKnownFileType = sourcecode.c.h; path = ViewController.h; sourceTree = "<group>"; };
		E7F81E361DFA768D00B2D4CF /* ViewController.m */ = {isa = PBXFileReference; lastKnownFileType = sourcecode.c.objc; path = ViewController.m; sourceTree = "<group>"; };
		E7F81E391DFA768D00B2D4CF /* Base */ = {isa = PBXFileReference; lastKnownFileType = file.storyboard; name = Base; path = Base.lproj/Main.storyboard; sourceTree = "<group>"; };
		E7F81E3B1DFA768D00B2D4CF /* Assets.xcassets */ = {isa = PBXFileReference; lastKnownFileType = folder.assetcatalog; path = Assets.xcassets; sourceTree = "<group>"; };
		E7F81E3E1DFA768D00B2D4CF /* Base */ = {isa = PBXFileReference; lastKnownFileType = file.storyboard; name = Base; path = Base.lproj/LaunchScreen.storyboard; sourceTree = "<group>"; };
		E7F81E401DFA768D00B2D4CF /* Info.plist */ = {isa = PBXFileReference; lastKnownFileType = text.plist.xml; path = Info.plist; sourceTree = "<group>"; };
		E7F81E491DFA77E400B2D4CF /* libz.tbd */ = {isa = PBXFileReference; lastKnownFileType = "sourcecode.text-based-dylib-definition"; name = libz.tbd; path = usr/lib/libz.tbd; sourceTree = SDKROOT; };
		E7F81E4B1DFA77EC00B2D4CF /* VideoToolbox.framework */ = {isa = PBXFileReference; lastKnownFileType = wrapper.framework; name = VideoToolbox.framework; path = System/Library/Frameworks/VideoToolbox.framework; sourceTree = SDKROOT; };
		E7F81E4D1DFA77F400B2D4CF /* AudioToolbox.framework */ = {isa = PBXFileReference; lastKnownFileType = wrapper.framework; name = AudioToolbox.framework; path = System/Library/Frameworks/AudioToolbox.framework; sourceTree = SDKROOT; };
		E7F81E4F1DFA77FE00B2D4CF /* libstdc++.tbd */ = {isa = PBXFileReference; lastKnownFileType = "sourcecode.text-based-dylib-definition"; name = "libstdc++.tbd"; path = "usr/lib/libstdc++.tbd"; sourceTree = SDKROOT; };
		E7F81E511DFA780700B2D4CF /* SystemConfiguration.framework */ = {isa = PBXFileReference; lastKnownFileType = wrapper.framework; name = SystemConfiguration.framework; path = System/Library/Frameworks/SystemConfiguration.framework; sourceTree = SDKROOT; };
		E7F81E531DFA781200B2D4CF /* CoreTelephony.framework */ = {isa = PBXFileReference; lastKnownFileType = wrapper.framework; name = CoreTelephony.framework; path = System/Library/Frameworks/CoreTelephony.framework; sourceTree = SDKROOT; };
		E7F81E551DFA78A000B2D4CF /* XNLiveViewController.h */ = {isa = PBXFileReference; fileEncoding = 4; lastKnownFileType = sourcecode.c.h; path = XNLiveViewController.h; sourceTree = "<group>"; };
		E7F81E561DFA78A000B2D4CF /* XNLiveViewController.m */ = {isa = PBXFileReference; fileEncoding = 4; lastKnownFileType = sourcecode.c.objc; path = XNLiveViewController.m; sourceTree = "<group>"; };
		E7F81E571DFA78A000B2D4CF /* XNLiveViewController.xib */ = {isa = PBXFileReference; fileEncoding = 4; lastKnownFileType = file.xib; path = XNLiveViewController.xib; sourceTree = "<group>"; };
/* End PBXFileReference section */

/* Begin PBXFrameworksBuildPhase section */
		E7F81E291DFA768D00B2D4CF /* Frameworks */ = {
			isa = PBXFrameworksBuildPhase;
			buildActionMask = 2147483647;
			files = (
				79884C5E1DFBA85E0093606D /* AliyunPlayerSDK.framework in Frameworks */,
				791FAF401DFAAAF600A657C7 /* AlivcLiveVideo.framework in Frameworks */,
				E7F81E541DFA781200B2D4CF /* CoreTelephony.framework in Frameworks */,
				E7F81E521DFA780700B2D4CF /* SystemConfiguration.framework in Frameworks */,
				E7F81E501DFA77FE00B2D4CF /* libstdc++.tbd in Frameworks */,
				E7F81E4E1DFA77F400B2D4CF /* AudioToolbox.framework in Frameworks */,
				E7F81E4C1DFA77EC00B2D4CF /* VideoToolbox.framework in Frameworks */,
				E7F81E4A1DFA77E400B2D4CF /* libz.tbd in Frameworks */,
				46D244FDBAEA0B68BAA64D23 /* libPods-XNLiveAppDemo.a in Frameworks */,
			);
			runOnlyForDeploymentPostprocessing = 0;
		};
/* End PBXFrameworksBuildPhase section */

/* Begin PBXGroup section */
		A49A92F57C037C365BDDA45F /* Pods */ = {
			isa = PBXGroup;
			children = (
				B9AEF954AA67C2D4B5590376 /* Pods-XNLiveAppDemo.debug.xcconfig */,
				E6551B13BB877B62B161249E /* Pods-XNLiveAppDemo.release.xcconfig */,
			);
			name = Pods;
			sourceTree = "<group>";
		};
		E7F81E231DFA768D00B2D4CF = {
			isa = PBXGroup;
			children = (
				E7F81E2E1DFA768D00B2D4CF /* XNLiveAppDemo */,
				E7F81E2D1DFA768D00B2D4CF /* Products */,
				E7F81E481DFA77E400B2D4CF /* Frameworks */,
				A49A92F57C037C365BDDA45F /* Pods */,
			);
			sourceTree = "<group>";
		};
		E7F81E2D1DFA768D00B2D4CF /* Products */ = {
			isa = PBXGroup;
			children = (
				E7F81E2C1DFA768D00B2D4CF /* XNLiveAppDemo.app */,
			);
			name = Products;
			sourceTree = "<group>";
		};
		E7F81E2E1DFA768D00B2D4CF /* XNLiveAppDemo */ = {
			isa = PBXGroup;
			children = (
				E7F81E551DFA78A000B2D4CF /* XNLiveViewController.h */,
				E7F81E561DFA78A000B2D4CF /* XNLiveViewController.m */,
				E7F81E571DFA78A000B2D4CF /* XNLiveViewController.xib */,
				E7F81E321DFA768D00B2D4CF /* AppDelegate.h */,
				E7F81E331DFA768D00B2D4CF /* AppDelegate.m */,
				E7F81E351DFA768D00B2D4CF /* ViewController.h */,
				E7F81E361DFA768D00B2D4CF /* ViewController.m */,
				E7F81E381DFA768D00B2D4CF /* Main.storyboard */,
				E7F81E3B1DFA768D00B2D4CF /* Assets.xcassets */,
				E7F81E3D1DFA768D00B2D4CF /* LaunchScreen.storyboard */,
				E7F81E401DFA768D00B2D4CF /* Info.plist */,
				E7F81E2F1DFA768D00B2D4CF /* Supporting Files */,
			);
			path = XNLiveAppDemo;
			sourceTree = "<group>";
		};
		E7F81E2F1DFA768D00B2D4CF /* Supporting Files */ = {
			isa = PBXGroup;
			children = (
				E7F81E301DFA768D00B2D4CF /* main.m */,
			);
			name = "Supporting Files";
			sourceTree = "<group>";
		};
		E7F81E481DFA77E400B2D4CF /* Frameworks */ = {
			isa = PBXGroup;
			children = (
				79884C5D1DFBA85E0093606D /* AliyunPlayerSDK.framework */,
				791FAF3F1DFAAAF600A657C7 /* AlivcLiveVideo.framework */,
				E7F81E531DFA781200B2D4CF /* CoreTelephony.framework */,
				E7F81E511DFA780700B2D4CF /* SystemConfiguration.framework */,
				E7F81E4F1DFA77FE00B2D4CF /* libstdc++.tbd */,
				E7F81E4D1DFA77F400B2D4CF /* AudioToolbox.framework */,
				E7F81E4B1DFA77EC00B2D4CF /* VideoToolbox.framework */,
				E7F81E491DFA77E400B2D4CF /* libz.tbd */,
				27998462563E9ED73AFD0E85 /* libPods-XNLiveAppDemo.a */,
			);
			name = Frameworks;
			sourceTree = "<group>";
		};
/* End PBXGroup section */

/* Begin PBXNativeTarget section */
		E7F81E2B1DFA768D00B2D4CF /* XNLiveAppDemo */ = {
			isa = PBXNativeTarget;
			buildConfigurationList = E7F81E431DFA768D00B2D4CF /* Build configuration list for PBXNativeTarget "XNLiveAppDemo" */;
			buildPhases = (
				56E3E3467D6E8B2B3E07E0FE /* [CP] Check Pods Manifest.lock */,
				E7F81E281DFA768D00B2D4CF /* Sources */,
				E7F81E291DFA768D00B2D4CF /* Frameworks */,
				E7F81E2A1DFA768D00B2D4CF /* Resources */,
				ED9B3D73CAA05B3F9CB46B0A /* [CP] Embed Pods Frameworks */,
				9A63EBAA770E39FD8ECD636B /* [CP] Copy Pods Resources */,
			);
			buildRules = (
			);
			dependencies = (
			);
			name = XNLiveAppDemo;
			productName = XNLiveAppDemo;
			productReference = E7F81E2C1DFA768D00B2D4CF /* XNLiveAppDemo.app */;
			productType = "com.apple.product-type.application";
		};
/* End PBXNativeTarget section */

/* Begin PBXProject section */
		E7F81E241DFA768D00B2D4CF /* Project object */ = {
			isa = PBXProject;
			attributes = {
				CLASSPREFIX = XN;
				LastUpgradeCheck = 0810;
				ORGANIZATIONNAME = xuning;
				TargetAttributes = {
					E7F81E2B1DFA768D00B2D4CF = {
						CreatedOnToolsVersion = 8.1;
						DevelopmentTeam = J7H6SN66AX;
						ProvisioningStyle = Automatic;
					};
				};
			};
			buildConfigurationList = E7F81E271DFA768D00B2D4CF /* Build configuration list for PBXProject "XNLiveAppDemo" */;
			compatibilityVersion = "Xcode 3.2";
			developmentRegion = English;
			hasScannedForEncodings = 0;
			knownRegions = (
				en,
				Base,
			);
			mainGroup = E7F81E231DFA768D00B2D4CF;
			productRefGroup = E7F81E2D1DFA768D00B2D4CF /* Products */;
			projectDirPath = "";
			projectRoot = "";
			targets = (
				E7F81E2B1DFA768D00B2D4CF /* XNLiveAppDemo */,
			);
		};
/* End PBXProject section */

/* Begin PBXResourcesBuildPhase section */
		E7F81E2A1DFA768D00B2D4CF /* Resources */ = {
			isa = PBXResourcesBuildPhase;
			buildActionMask = 2147483647;
			files = (
				E7F81E3F1DFA768D00B2D4CF /* LaunchScreen.storyboard in Resources */,
				E7F81E3C1DFA768D00B2D4CF /* Assets.xcassets in Resources */,
				E7F81E591DFA78A000B2D4CF /* XNLiveViewController.xib in Resources */,
				E7F81E3A1DFA768D00B2D4CF /* Main.storyboard in Resources */,
			);
			runOnlyForDeploymentPostprocessing = 0;
		};
/* End PBXResourcesBuildPhase section */

/* Begin PBXShellScriptBuildPhase section */
		56E3E3467D6E8B2B3E07E0FE /* [CP] Check Pods Manifest.lock */ = {
			isa = PBXShellScriptBuildPhase;
			buildActionMask = 2147483647;
			files = (
			);
			inputPaths = (
			);
			name = "[CP] Check Pods Manifest.lock";
			outputPaths = (
			);
			runOnlyForDeploymentPostprocessing = 0;
			shellPath = /bin/sh;
			shellScript = "diff \"${PODS_ROOT}/../Podfile.lock\" \"${PODS_ROOT}/Manifest.lock\" > /dev/null\nif [ $? != 0 ] ; then\n    # print error to STDERR\n    echo \"error: The sandbox is not in sync with the Podfile.lock. Run 'pod install' or update your CocoaPods installation.\" >&2\n    exit 1\nfi\n";
			showEnvVarsInLog = 0;
		};
		9A63EBAA770E39FD8ECD636B /* [CP] Copy Pods Resources */ = {
			isa = PBXShellScriptBuildPhase;
			buildActionMask = 2147483647;
			files = (
			);
			inputPaths = (
			);
			name = "[CP] Copy Pods Resources";
			outputPaths = (
			);
			runOnlyForDeploymentPostprocessing = 0;
			shellPath = /bin/sh;
			shellScript = "\"${SRCROOT}/Pods/Target Support Files/Pods-XNLiveAppDemo/Pods-XNLiveAppDemo-resources.sh\"\n";
			showEnvVarsInLog = 0;
		};
		ED9B3D73CAA05B3F9CB46B0A /* [CP] Embed Pods Frameworks */ = {
			isa = PBXShellScriptBuildPhase;
			buildActionMask = 2147483647;
			files = (
			);
			inputPaths = (
			);
			name = "[CP] Embed Pods Frameworks";
			outputPaths = (
			);
			runOnlyForDeploymentPostprocessing = 0;
			shellPath = /bin/sh;
			shellScript = "\"${SRCROOT}/Pods/Target Support Files/Pods-XNLiveAppDemo/Pods-XNLiveAppDemo-frameworks.sh\"\n";
			showEnvVarsInLog = 0;
		};
/* End PBXShellScriptBuildPhase section */

/* Begin PBXSourcesBuildPhase section */
		E7F81E281DFA768D00B2D4CF /* Sources */ = {
			isa = PBXSourcesBuildPhase;
			buildActionMask = 2147483647;
			files = (
				E7F81E371DFA768D00B2D4CF /* ViewController.m in Sources */,
				E7F81E341DFA768D00B2D4CF /* AppDelegate.m in Sources */,
				E7F81E581DFA78A000B2D4CF /* XNLiveViewController.m in Sources */,
				E7F81E311DFA768D00B2D4CF /* main.m in Sources */,
			);
			runOnlyForDeploymentPostprocessing = 0;
		};
/* End PBXSourcesBuildPhase section */

/* Begin PBXVariantGroup section */
		E7F81E381DFA768D00B2D4CF /* Main.storyboard */ = {
			isa = PBXVariantGroup;
			children = (
				E7F81E391DFA768D00B2D4CF /* Base */,
			);
			name = Main.storyboard;
			sourceTree = "<group>";
		};
		E7F81E3D1DFA768D00B2D4CF /* LaunchScreen.storyboard */ = {
			isa = PBXVariantGroup;
			children = (
				E7F81E3E1DFA768D00B2D4CF /* Base */,
			);
			name = LaunchScreen.storyboard;
			sourceTree = "<group>";
		};
/* End PBXVariantGroup section */

/* Begin XCBuildConfiguration section */
		E7F81E411DFA768D00B2D4CF /* Debug */ = {
			isa = XCBuildConfiguration;
			buildSettings = {
				ALWAYS_SEARCH_USER_PATHS = NO;
				CLANG_ANALYZER_NONNULL = YES;
				CLANG_CXX_LANGUAGE_STANDARD = "gnu++0x";
				CLANG_CXX_LIBRARY = "libc++";
				CLANG_ENABLE_MODULES = YES;
				CLANG_ENABLE_OBJC_ARC = YES;
				CLANG_WARN_BOOL_CONVERSION = YES;
				CLANG_WARN_CONSTANT_CONVERSION = YES;
				CLANG_WARN_DIRECT_OBJC_ISA_USAGE = YES_ERROR;
				CLANG_WARN_DOCUMENTATION_COMMENTS = YES;
				CLANG_WARN_EMPTY_BODY = YES;
				CLANG_WARN_ENUM_CONVERSION = YES;
				CLANG_WARN_INFINITE_RECURSION = YES;
				CLANG_WARN_INT_CONVERSION = YES;
				CLANG_WARN_OBJC_ROOT_CLASS = YES_ERROR;
				CLANG_WARN_SUSPICIOUS_MOVES = YES;
				CLANG_WARN_UNREACHABLE_CODE = YES;
				CLANG_WARN__DUPLICATE_METHOD_MATCH = YES;
				"CODE_SIGN_IDENTITY[sdk=iphoneos*]" = "iPhone Developer";
				COPY_PHASE_STRIP = NO;
				DEBUG_INFORMATION_FORMAT = dwarf;
				ENABLE_STRICT_OBJC_MSGSEND = YES;
				ENABLE_TESTABILITY = YES;
				GCC_C_LANGUAGE_STANDARD = gnu99;
				GCC_DYNAMIC_NO_PIC = NO;
				GCC_NO_COMMON_BLOCKS = YES;
				GCC_OPTIMIZATION_LEVEL = 0;
				GCC_PREPROCESSOR_DEFINITIONS = (
					"DEBUG=1",
					"$(inherited)",
				);
				GCC_WARN_64_TO_32_BIT_CONVERSION = YES;
				GCC_WARN_ABOUT_RETURN_TYPE = YES_ERROR;
				GCC_WARN_UNDECLARED_SELECTOR = YES;
				GCC_WARN_UNINITIALIZED_AUTOS = YES_AGGRESSIVE;
				GCC_WARN_UNUSED_FUNCTION = YES;
				GCC_WARN_UNUSED_VARIABLE = YES;
				IPHONEOS_DEPLOYMENT_TARGET = 10.1;
				MTL_ENABLE_DEBUG_INFO = YES;
				ONLY_ACTIVE_ARCH = YES;
				SDKROOT = iphoneos;
				TARGETED_DEVICE_FAMILY = "1,2";
			};
			name = Debug;
		};
		E7F81E421DFA768D00B2D4CF /* Release */ = {
			isa = XCBuildConfiguration;
			buildSettings = {
				ALWAYS_SEARCH_USER_PATHS = NO;
				CLANG_ANALYZER_NONNULL = YES;
				CLANG_CXX_LANGUAGE_STANDARD = "gnu++0x";
				CLANG_CXX_LIBRARY = "libc++";
				CLANG_ENABLE_MODULES = YES;
				CLANG_ENABLE_OBJC_ARC = YES;
				CLANG_WARN_BOOL_CONVERSION = YES;
				CLANG_WARN_CONSTANT_CONVERSION = YES;
				CLANG_WARN_DIRECT_OBJC_ISA_USAGE = YES_ERROR;
				CLANG_WARN_DOCUMENTATION_COMMENTS = YES;
				CLANG_WARN_EMPTY_BODY = YES;
				CLANG_WARN_ENUM_CONVERSION = YES;
				CLANG_WARN_INFINITE_RECURSION = YES;
				CLANG_WARN_INT_CONVERSION = YES;
				CLANG_WARN_OBJC_ROOT_CLASS = YES_ERROR;
				CLANG_WARN_SUSPICIOUS_MOVES = YES;
				CLANG_WARN_UNREACHABLE_CODE = YES;
				CLANG_WARN__DUPLICATE_METHOD_MATCH = YES;
				"CODE_SIGN_IDENTITY[sdk=iphoneos*]" = "iPhone Developer";
				COPY_PHASE_STRIP = NO;
				DEBUG_INFORMATION_FORMAT = "dwarf-with-dsym";
				ENABLE_NS_ASSERTIONS = NO;
				ENABLE_STRICT_OBJC_MSGSEND = YES;
				GCC_C_LANGUAGE_STANDARD = gnu99;
				GCC_NO_COMMON_BLOCKS = YES;
				GCC_WARN_64_TO_32_BIT_CONVERSION = YES;
				GCC_WARN_ABOUT_RETURN_TYPE = YES_ERROR;
				GCC_WARN_UNDECLARED_SELECTOR = YES;
				GCC_WARN_UNINITIALIZED_AUTOS = YES_AGGRESSIVE;
				GCC_WARN_UNUSED_FUNCTION = YES;
				GCC_WARN_UNUSED_VARIABLE = YES;
				IPHONEOS_DEPLOYMENT_TARGET = 10.1;
				MTL_ENABLE_DEBUG_INFO = NO;
				SDKROOT = iphoneos;
				TARGETED_DEVICE_FAMILY = "1,2";
				VALIDATE_PRODUCT = YES;
			};
			name = Release;
		};
		E7F81E441DFA768D00B2D4CF /* Debug */ = {
			isa = XCBuildConfiguration;
			baseConfigurationReference = B9AEF954AA67C2D4B5590376 /* Pods-XNLiveAppDemo.debug.xcconfig */;
			buildSettings = {
				ASSETCATALOG_COMPILER_APPICON_NAME = AppIcon;
				DEVELOPMENT_TEAM = J7H6SN66AX;
				FRAMEWORK_SEARCH_PATHS = (
					"$(inherited)",
					"$(PROJECT_DIR)",
					"$(PROJECT_DIR)/XNLiveAppDemo",
				);
				INFOPLIST_FILE = XNLiveAppDemo/Info.plist;
				IPHONEOS_DEPLOYMENT_TARGET = 8.4;
				LD_RUNPATH_SEARCH_PATHS = "$(inherited) @executable_path/Frameworks";
				PRODUCT_BUNDLE_IDENTIFIER = com.tsuios.XNLiveAppDemo;
				PRODUCT_NAME = "$(TARGET_NAME)";
			};
			name = Debug;
		};
		E7F81E451DFA768D00B2D4CF /* Release */ = {
			isa = XCBuildConfiguration;
			baseConfigurationReference = E6551B13BB877B62B161249E /* Pods-XNLiveAppDemo.release.xcconfig */;
			buildSettings = {
				ASSETCATALOG_COMPILER_APPICON_NAME = AppIcon;
				DEVELOPMENT_TEAM = J7H6SN66AX;
				FRAMEWORK_SEARCH_PATHS = (
					"$(inherited)",
					"$(PROJECT_DIR)",
					"$(PROJECT_DIR)/XNLiveAppDemo",
				);
				INFOPLIST_FILE = XNLiveAppDemo/Info.plist;
				IPHONEOS_DEPLOYMENT_TARGET = 8.4;
				LD_RUNPATH_SEARCH_PATHS = "$(inherited) @executable_path/Frameworks";
				PRODUCT_BUNDLE_IDENTIFIER = com.tsuios.XNLiveAppDemo;
				PRODUCT_NAME = "$(TARGET_NAME)";
			};
			name = Release;
		};
/* End XCBuildConfiguration section */

/* Begin XCConfigurationList section */
		E7F81E271DFA768D00B2D4CF /* Build configuration list for PBXProject "XNLiveAppDemo" */ = {
			isa = XCConfigurationList;
			buildConfigurations = (
				E7F81E411DFA768D00B2D4CF /* Debug */,
				E7F81E421DFA768D00B2D4CF /* Release */,
			);
			defaultConfigurationIsVisible = 0;
			defaultConfigurationName = Release;
		};
		E7F81E431DFA768D00B2D4CF /* Build configuration list for PBXNativeTarget "XNLiveAppDemo" */ = {
			isa = XCConfigurationList;
			buildConfigurations = (
				E7F81E441DFA768D00B2D4CF /* Debug */,
				E7F81E451DFA768D00B2D4CF /* Release */,
			);
			defaultConfigurationIsVisible = 0;
			defaultConfigurationName = Release;
		};
/* End XCConfigurationList section */
	};
	rootObject = E7F81E241DFA768D00B2D4CF /* Project object */;
}
